// !$*UTF8*$!
{
	archiveVersion = 1;
	classes = {
	};
	objectVersion = 56;
	objects = {

/* Begin PBXBuildFile section */
		D6B5DA4E2C9AF839006D7958 /* InsiderData.swift in Sources */ = {isa = PBXBuildFile; fileRef = D6B5DA4D2C9AF839006D7958 /* InsiderData.swift */; };
		D6B5DA502C9AF85A006D7958 /* InsiderDataViewModel.swift in Sources */ = {isa = PBXBuildFile; fileRef = D6B5DA4F2C9AF85A006D7958 /* InsiderDataViewModel.swift */; };
		D6B5DA522C9AF8C3006D7958 /* ChartView.swift in Sources */ = {isa = PBXBuildFile; fileRef = D6B5DA512C9AF8C3006D7958 /* ChartView.swift */; };
		D6D4DBEB2C9AF66C003B07A7 /* InsiderTradingStatsApp.swift in Sources */ = {isa = PBXBuildFile; fileRef = D6D4DBEA2C9AF66C003B07A7 /* InsiderTradingStatsApp.swift */; };
		D6D4DBED2C9AF66C003B07A7 /* ContentView.swift in Sources */ = {isa = PBXBuildFile; fileRef = D6D4DBEC2C9AF66C003B07A7 /* ContentView.swift */; };
		D6D4DBEF2C9AF670003B07A7 /* Assets.xcassets in Resources */ = {isa = PBXBuildFile; fileRef = D6D4DBEE2C9AF670003B07A7 /* Assets.xcassets */; };
		D6D4DBF22C9AF670003B07A7 /* Preview Assets.xcassets in Resources */ = {isa = PBXBuildFile; fileRef = D6D4DBF12C9AF670003B07A7 /* Preview Assets.xcassets */; };
/* End PBXBuildFile section */

/* Begin PBXFileReference section */
		D6B5DA4D2C9AF839006D7958 /* InsiderData.swift */ = {isa = PBXFileReference; lastKnownFileType = sourcecode.swift; path = InsiderData.swift; sourceTree = "<group>"; };
		D6B5DA4F2C9AF85A006D7958 /* InsiderDataViewModel.swift */ = {isa = PBXFileReference; lastKnownFileType = sourcecode.swift; path = InsiderDataViewModel.swift; sourceTree = "<group>"; };
		D6B5DA512C9AF8C3006D7958 /* ChartView.swift */ = {isa = PBXFileReference; lastKnownFileType = sourcecode.swift; path = ChartView.swift; sourceTree = "<group>"; };
		D6D4DBE72C9AF66C003B07A7 /* InsiderTradingStats.app */ = {isa = PBXFileReference; explicitFileType = wrapper.application; includeInIndex = 0; path = InsiderTradingStats.app; sourceTree = BUILT_PRODUCTS_DIR; };
		D6D4DBEA2C9AF66C003B07A7 /* InsiderTradingStatsApp.swift */ = {isa = PBXFileReference; lastKnownFileType = sourcecode.swift; path = InsiderTradingStatsApp.swift; sourceTree = "<group>"; };
		D6D4DBEC2C9AF66C003B07A7 /* ContentView.swift */ = {isa = PBXFileReference; lastKnownFileType = sourcecode.swift; path = ContentView.swift; sourceTree = "<group>"; };
		D6D4DBEE2C9AF670003B07A7 /* Assets.xcassets */ = {isa = PBXFileReference; lastKnownFileType = folder.assetcatalog; path = Assets.xcassets; sourceTree = "<group>"; };
		D6D4DBF12C9AF670003B07A7 /* Preview Assets.xcassets */ = {isa = PBXFileReference; lastKnownFileType = folder.assetcatalog; path = "Preview Assets.xcassets"; sourceTree = "<group>"; };
/* End PBXFileReference section */

/* Begin PBXFrameworksBuildPhase section */
		D6D4DBE42C9AF66C003B07A7 /* Frameworks */ = {
			isa = PBXFrameworksBuildPhase;
			buildActionMask = 2147483647;
			files = (
			);
			runOnlyForDeploymentPostprocessing = 0;
		};
/* End PBXFrameworksBuildPhase section */

/* Begin PBXGroup section */
		D6D4DBDE2C9AF66C003B07A7 = {
			isa = PBXGroup;
			children = (
				D6D4DBE92C9AF66C003B07A7 /* InsiderTradingStats */,
				D6D4DBE82C9AF66C003B07A7 /* Products */,
			);
			sourceTree = "<group>";
		};
		D6D4DBE82C9AF66C003B07A7 /* Products */ = {
			isa = PBXGroup;
			children = (
				D6D4DBE72C9AF66C003B07A7 /* InsiderTradingStats.app */,
			);
			name = Products;
			sourceTree = "<group>";
		};
		D6D4DBE92C9AF66C003B07A7 /* InsiderTradingStats */ = {
			isa = PBXGroup;
			children = (
				D6D4DBEA2C9AF66C003B07A7 /* InsiderTradingStatsApp.swift */,
				D6B5DA4D2C9AF839006D7958 /* InsiderData.swift */,
				D6B5DA4F2C9AF85A006D7958 /* InsiderDataViewModel.swift */,
				D6D4DBEC2C9AF66C003B07A7 /* ContentView.swift */,
				D6B5DA512C9AF8C3006D7958 /* ChartView.swift */,
				D6D4DBEE2C9AF670003B07A7 /* Assets.xcassets */,
				D6D4DBF02C9AF670003B07A7 /* Preview Content */,
			);
			path = InsiderTradingStats;
			sourceTree = "<group>";
		};
		D6D4DBF02C9AF670003B07A7 /* Preview Content */ = {
			isa = PBXGroup;
			children = (
				D6D4DBF12C9AF670003B07A7 /* Preview Assets.xcassets */,
			);
			path = "Preview Content";
			sourceTree = "<group>";
		};
/* End PBXGroup section */

/* Begin PBXNativeTarget section */
		D6D4DBE62C9AF66C003B07A7 /* InsiderTradingStats */ = {
			isa = PBXNativeTarget;
			buildConfigurationList = D6D4DBF52C9AF670003B07A7 /* Build configuration list for PBXNativeTarget "InsiderTradingStats" */;
			buildPhases = (
				D6D4DBE32C9AF66C003B07A7 /* Sources */,
				D6D4DBE42C9AF66C003B07A7 /* Frameworks */,
				D6D4DBE52C9AF66C003B07A7 /* Resources */,
			);
			buildRules = (
			);
			dependencies = (
			);
			name = InsiderTradingStats;
			productName = InsiderTradingStats;
			productReference = D6D4DBE72C9AF66C003B07A7 /* InsiderTradingStats.app */;
			productType = "com.apple.product-type.application";
		};
/* End PBXNativeTarget section */

/* Begin PBXProject section */
		D6D4DBDF2C9AF66C003B07A7 /* Project object */ = {
			isa = PBXProject;
			attributes = {
				BuildIndependentTargetsInParallel = 1;
				LastSwiftUpdateCheck = 1540;
				LastUpgradeCheck = 1540;
				TargetAttributes = {
					D6D4DBE62C9AF66C003B07A7 = {
						CreatedOnToolsVersion = 15.4;
					};
				};
			};
			buildConfigurationList = D6D4DBE22C9AF66C003B07A7 /* Build configuration list for PBXProject "InsiderTradingStats" */;
			compatibilityVersion = "Xcode 14.0";
			developmentRegion = en;
			hasScannedForEncodings = 0;
			knownRegions = (
				en,
				Base,
			);
			mainGroup = D6D4DBDE2C9AF66C003B07A7;
			productRefGroup = D6D4DBE82C9AF66C003B07A7 /* Products */;
			projectDirPath = "";
			projectRoot = "";
			targets = (
				D6D4DBE62C9AF66C003B07A7 /* InsiderTradingStats */,
			);
		};
/* End PBXProject section */

/* Begin PBXResourcesBuildPhase section */
		D6D4DBE52C9AF66C003B07A7 /* Resources */ = {
			isa = PBXResourcesBuildPhase;
			buildActionMask = 2147483647;
			files = (
				D6D4DBF22C9AF670003B07A7 /* Preview Assets.xcassets in Resources */,
				D6D4DBEF2C9AF670003B07A7 /* Assets.xcassets in Resources */,
			);
			runOnlyForDeploymentPostprocessing = 0;
		};
/* End PBXResourcesBuildPhase section */

/* Begin PBXSourcesBuildPhase section */
		D6D4DBE32C9AF66C003B07A7 /* Sources */ = {
			isa = PBXSourcesBuildPhase;
			buildActionMask = 2147483647;
			files = (
				D6D4DBED2C9AF66C003B07A7 /* ContentView.swift in Sources */,
				D6B5DA502C9AF85A006D7958 /* InsiderDataViewModel.swift in Sources */,
				D6D4DBEB2C9AF66C003B07A7 /* InsiderTradingStatsApp.swift in Sources */,
				D6B5DA522C9AF8C3006D7958 /* ChartView.swift in Sources */,
				D6B5DA4E2C9AF839006D7958 /* InsiderData.swift in Sources */,
			);
			runOnlyForDeploymentPostprocessing = 0;
		};
/* End PBXSourcesBuildPhase section */

/* Begin XCBuildConfiguration section */
		D6D4DBF32C9AF670003B07A7 /* Debug */ = {
			isa = XCBuildConfiguration;
			buildSettings = {
				ALWAYS_SEARCH_USER_PATHS = NO;
				ASSETCATALOG_COMPILER_GENERATE_SWIFT_ASSET_SYMBOL_EXTENSIONS = YES;
				CLANG_ANALYZER_NONNULL = YES;
				CLANG_ANALYZER_NUMBER_OBJECT_CONVERSION = YES_AGGRESSIVE;
				CLANG_CXX_LANGUAGE_STANDARD = "gnu++20";
				CLANG_ENABLE_MODULES = YES;
				CLANG_ENABLE_OBJC_ARC = YES;
				CLANG_ENABLE_OBJC_WEAK = YES;
				CLANG_WARN_BLOCK_CAPTURE_AUTORELEASING = YES;
				CLANG_WARN_BOOL_CONVERSION = YES;
				CLANG_WARN_COMMA = YES;
				CLANG_WARN_CONSTANT_CONVERSION = YES;
				CLANG_WARN_DEPRECATED_OBJC_IMPLEMENTATIONS = YES;
				CLANG_WARN_DIRECT_OBJC_ISA_USAGE = YES_ERROR;
				CLANG_WARN_DOCUMENTATION_COMMENTS = YES;
				CLANG_WARN_EMPTY_BODY = YES;
				CLANG_WARN_ENUM_CONVERSION = YES;
				CLANG_WARN_INFINITE_RECURSION = YES;
				CLANG_WARN_INT_CONVERSION = YES;
				CLANG_WARN_NON_LITERAL_NULL_CONVERSION = YES;
				CLANG_WARN_OBJC_IMPLICIT_RETAIN_SELF = YES;
				CLANG_WARN_OBJC_LITERAL_CONVERSION = YES;
				CLANG_WARN_OBJC_ROOT_CLASS = YES_ERROR;
				CLANG_WARN_QUOTED_INCLUDE_IN_FRAMEWORK_HEADER = YES;
				CLANG_WARN_RANGE_LOOP_ANALYSIS = YES;
				CLANG_WARN_STRICT_PROTOTYPES = YES;
				CLANG_WARN_SUSPICIOUS_MOVE = YES;
				CLANG_WARN_UNGUARDED_AVAILABILITY = YES_AGGRESSIVE;
				CLANG_WARN_UNREACHABLE_CODE = YES;
				CLANG_WARN__DUPLICATE_METHOD_MATCH = YES;
				COPY_PHASE_STRIP = NO;
				DEBUG_INFORMATION_FORMAT = dwarf;
				ENABLE_STRICT_OBJC_MSGSEND = YES;
				ENABLE_TESTABILITY = YES;
				ENABLE_USER_SCRIPT_SANDBOXING = YES;
				GCC_C_LANGUAGE_STANDARD = gnu17;
				GCC_DYNAMIC_NO_PIC = NO;
				GCC_NO_COMMON_BLOCKS = YES;
				GCC_OPTIMIZATION_LEVEL = 0;
				GCC_PREPROCESSOR_DEFINITIONS = (
					"DEBUG=1",
					"$(inherited)",
				);
				GCC_WARN_64_TO_32_BIT_CONVERSION = YES;
				GCC_WARN_ABOUT_RETURN_TYPE = YES_ERROR;
				GCC_WARN_UNDECLARED_SELECTOR = YES;
				GCC_WARN_UNINITIALIZED_AUTOS = YES_AGGRESSIVE;
				GCC_WARN_UNUSED_FUNCTION = YES;
				GCC_WARN_UNUSED_VARIABLE = YES;
				IPHONEOS_DEPLOYMENT_TARGET = 17.5;
				LOCALIZATION_PREFERS_STRING_CATALOGS = YES;
				MTL_ENABLE_DEBUG_INFO = INCLUDE_SOURCE;
				MTL_FAST_MATH = YES;
				ONLY_ACTIVE_ARCH = YES;
				SDKROOT = iphoneos;
				SWIFT_ACTIVE_COMPILATION_CONDITIONS = "DEBUG $(inherited)";
				SWIFT_OPTIMIZATION_LEVEL = "-Onone";
			};
			name = Debug;
		};
		D6D4DBF42C9AF670003B07A7 /* Release */ = {
			isa = XCBuildConfiguration;
			buildSettings = {
				ALWAYS_SEARCH_USER_PATHS = NO;
				ASSETCATALOG_COMPILER_GENERATE_SWIFT_ASSET_SYMBOL_EXTENSIONS = YES;
				CLANG_ANALYZER_NONNULL = YES;
				CLANG_ANALYZER_NUMBER_OBJECT_CONVERSION = YES_AGGRESSIVE;
				CLANG_CXX_LANGUAGE_STANDARD = "gnu++20";
				CLANG_ENABLE_MODULES = YES;
				CLANG_ENABLE_OBJC_ARC = YES;
				CLANG_ENABLE_OBJC_WEAK = YES;
				CLANG_WARN_BLOCK_CAPTURE_AUTORELEASING = YES;
				CLANG_WARN_BOOL_CONVERSION = YES;
				CLANG_WARN_COMMA = YES;
				CLANG_WARN_CONSTANT_CONVERSION = YES;
				CLANG_WARN_DEPRECATED_OBJC_IMPLEMENTATIONS = YES;
				CLANG_WARN_DIRECT_OBJC_ISA_USAGE = YES_ERROR;
				CLANG_WARN_DOCUMENTATION_COMMENTS = YES;
				CLANG_WARN_EMPTY_BODY = YES;
				CLANG_WARN_ENUM_CONVERSION = YES;
				CLANG_WARN_INFINITE_RECURSION = YES;
				CLANG_WARN_INT_CONVERSION = YES;
				CLANG_WARN_NON_LITERAL_NULL_CONVERSION = YES;
				CLANG_WARN_OBJC_IMPLICIT_RETAIN_SELF = YES;
				CLANG_WARN_OBJC_LITERAL_CONVERSION = YES;
				CLANG_WARN_OBJC_ROOT_CLASS = YES_ERROR;
				CLANG_WARN_QUOTED_INCLUDE_IN_FRAMEWORK_HEADER = YES;
				CLANG_WARN_RANGE_LOOP_ANALYSIS = YES;
				CLANG_WARN_STRICT_PROTOTYPES = YES;
				CLANG_WARN_SUSPICIOUS_MOVE = YES;
				CLANG_WARN_UNGUARDED_AVAILABILITY = YES_AGGRESSIVE;
				CLANG_WARN_UNREACHABLE_CODE = YES;
				CLANG_WARN__DUPLICATE_METHOD_MATCH = YES;
				COPY_PHASE_STRIP = NO;
				DEBUG_INFORMATION_FORMAT = "dwarf-with-dsym";
				ENABLE_NS_ASSERTIONS = NO;
				ENABLE_STRICT_OBJC_MSGSEND = YES;
				ENABLE_USER_SCRIPT_SANDBOXING = YES;
				GCC_C_LANGUAGE_STANDARD = gnu17;
				GCC_NO_COMMON_BLOCKS = YES;
				GCC_WARN_64_TO_32_BIT_CONVERSION = YES;
				GCC_WARN_ABOUT_RETURN_TYPE = YES_ERROR;
				GCC_WARN_UNDECLARED_SELECTOR = YES;
				GCC_WARN_UNINITIALIZED_AUTOS = YES_AGGRESSIVE;
				GCC_WARN_UNUSED_FUNCTION = YES;
				GCC_WARN_UNUSED_VARIABLE = YES;
				IPHONEOS_DEPLOYMENT_TARGET = 17.5;
				LOCALIZATION_PREFERS_STRING_CATALOGS = YES;
				MTL_ENABLE_DEBUG_INFO = NO;
				MTL_FAST_MATH = YES;
				SDKROOT = iphoneos;
				SWIFT_COMPILATION_MODE = wholemodule;
				VALIDATE_PRODUCT = YES;
			};
			name = Release;
		};
		D6D4DBF62C9AF670003B07A7 /* Debug */ = {
			isa = XCBuildConfiguration;
			buildSettings = {
				ASSETCATALOG_COMPILER_APPICON_NAME = AppIcon;
				ASSETCATALOG_COMPILER_GLOBAL_ACCENT_COLOR_NAME = AccentColor;
				CODE_SIGN_STYLE = Automatic;
				CURRENT_PROJECT_VERSION = 1;
				DEVELOPMENT_ASSET_PATHS = "\"InsiderTradingStats/Preview Content\"";
				DEVELOPMENT_TEAM = 6L84F4XJDL;
				ENABLE_PREVIEWS = YES;
				GENERATE_INFOPLIST_FILE = YES;
				INFOPLIST_KEY_UIApplicationSceneManifest_Generation = YES;
				INFOPLIST_KEY_UIApplicationSupportsIndirectInputEvents = YES;
				INFOPLIST_KEY_UILaunchScreen_Generation = YES;
				INFOPLIST_KEY_UISupportedInterfaceOrientations_iPad = "UIInterfaceOrientationPortrait UIInterfaceOrientationPortraitUpsideDown UIInterfaceOrientationLandscapeLeft UIInterfaceOrientationLandscapeRight";
				INFOPLIST_KEY_UISupportedInterfaceOrientations_iPhone = "UIInterfaceOrientationPortrait UIInterfaceOrientationLandscapeLeft UIInterfaceOrientationLandscapeRight";
				LD_RUNPATH_SEARCH_PATHS = (
					"$(inherited)",
					"@executable_path/Frameworks",
				);
				MARKETING_VERSION = 1.0;
				PRODUCT_BUNDLE_IDENTIFIER = "com.diversset-lafkdjvq-woei-fjqer-pf-gol-mvqe-a-lsv--meds-p-vl..InsiderTradingStats";
				PRODUCT_NAME = "$(TARGET_NAME)";
				SWIFT_EMIT_LOC_STRINGS = YES;
				SWIFT_VERSION = 5.0;
				TARGETED_DEVICE_FAMILY = "1,2";
			};
			name = Debug;
		};
		D6D4DBF72C9AF670003B07A7 /* Release */ = {
			isa = XCBuildConfiguration;
			buildSettings = {
				ASSETCATALOG_COMPILER_APPICON_NAME = AppIcon;
				ASSETCATALOG_COMPILER_GLOBAL_ACCENT_COLOR_NAME = AccentColor;
				CODE_SIGN_STYLE = Automatic;
				CURRENT_PROJECT_VERSION = 1;
				DEVELOPMENT_ASSET_PATHS = "\"InsiderTradingStats/Preview Content\"";
				DEVELOPMENT_TEAM = 6L84F4XJDL;
				ENABLE_PREVIEWS = YES;
				GENERATE_INFOPLIST_FILE = YES;
				INFOPLIST_KEY_UIApplicationSceneManifest_Generation = YES;
				INFOPLIST_KEY_UIApplicationSupportsIndirectInputEvents = YES;
				INFOPLIST_KEY_UILaunchScreen_Generation = YES;
				INFOPLIST_KEY_UISupportedInterfaceOrientations_iPad = "UIInterfaceOrientationPortrait UIInterfaceOrientationPortraitUpsideDown UIInterfaceOrientationLandscapeLeft UIInterfaceOrientationLandscapeRight";
				INFOPLIST_KEY_UISupportedInterfaceOrientations_iPhone = "UIInterfaceOrientationPortrait UIInterfaceOrientationLandscapeLeft UIInterfaceOrientationLandscapeRight";
				LD_RUNPATH_SEARCH_PATHS = (
					"$(inherited)",
					"@executable_path/Frameworks",
				);
				MARKETING_VERSION = 1.0;
				PRODUCT_BUNDLE_IDENTIFIER = "com.diversset-lafkdjvq-woei-fjqer-pf-gol-mvqe-a-lsv--meds-p-vl..InsiderTradingStats";
				PRODUCT_NAME = "$(TARGET_NAME)";
				SWIFT_EMIT_LOC_STRINGS = YES;
				SWIFT_VERSION = 5.0;
				TARGETED_DEVICE_FAMILY = "1,2";
			};
			name = Release;
		};
/* End XCBuildConfiguration section */

/* Begin XCConfigurationList section */
		D6D4DBE22C9AF66C003B07A7 /* Build configuration list for PBXProject "InsiderTradingStats" */ = {
			isa = XCConfigurationList;
			buildConfigurations = (
				D6D4DBF32C9AF670003B07A7 /* Debug */,
				D6D4DBF42C9AF670003B07A7 /* Release */,
			);
			defaultConfigurationIsVisible = 0;
			defaultConfigurationName = Release;
		};
		D6D4DBF52C9AF670003B07A7 /* Build configuration list for PBXNativeTarget "InsiderTradingStats" */ = {
			isa = XCConfigurationList;
			buildConfigurations = (
				D6D4DBF62C9AF670003B07A7 /* Debug */,
				D6D4DBF72C9AF670003B07A7 /* Release */,
			);
			defaultConfigurationIsVisible = 0;
			defaultConfigurationName = Release;
		};
/* End XCConfigurationList section */
	};
	rootObject = D6D4DBDF2C9AF66C003B07A7 /* Project object */;
}
